
Microsoft Visual Studio Solution File, Format Version 11.00
# Visual Studio 2010
Project("{FAE04EC0-301F-11D3-BF4B-00C04F79EFBC}") = "GameWorld2", "GameWorld2.csproj", "{1E20DFA0-03FF-4F08-9BAF-8B1A8ADDE53C}"
EndProject
Global
	GlobalSection(SolutionConfigurationPlatforms) = preSolution
		Debug|Any CPU = Debug|Any CPU
		Release|Any CPU = Release|Any CPU
	EndGlobalSection
	GlobalSection(ProjectConfigurationPlatforms) = postSolution
		{1E20DFA0-03FF-4F08-9BAF-8B1A8ADDE53C}.Debug|Any CPU.ActiveCfg = Debug|Any CPU
		{1E20DFA0-03FF-4F08-9BAF-8B1A8ADDE53C}.Debug|Any CPU.Build.0 = Debug|Any CPU
		{1E20DFA0-03FF-4F08-9BAF-8B1A8ADDE53C}.Release|Any CPU.ActiveCfg = Release|Any CPU
		{1E20DFA0-03FF-4F08-9BAF-8B1A8ADDE53C}.Release|Any CPU.Build.0 = Release|Any CPU
	EndGlobalSection
	GlobalSection(MonoDevelopProperties) = preSolution
		StartupItem = GameWorld2.csproj
	EndGlobalSection
EndGlobal
